{
  "name": "creators-suite",
  "version": "0.0.0",
  "lockfileVersion": 3,
  "requires": true,
  "packages": {
    "": {
      "name": "creators-suite",
      "version": "0.0.0",
      "type": "module",
      "dependencies": {
        "@google/genai": "^2.1.0",
        "react": "^18.3.1",
        "react-dom": "^18.3.1"
      },
      "devDependencies": {
        "@types/react": "^18.3.3",
        "@types/react-dom": "^18.3.0",
        "@vitejs/plugin-react": "^4.3.1",
        "typescript": "^5.5.3",
        "vite": "^5.3.3"
      }
    },
    "node_modules/@babel/runtime": {
      "version": "7.24.8",
      "resolved": "https://registry.npmjs.org/@babel/runtime/-/runtime-7.24.8.tgz",
      "integrity": "sha512-4yS32eqsD2uAvLpF7tFr6iY71z6xBJtNBq9Ca33n/M4RaooT7y+8/kfwg55mC5t/5r2a5lX0e+202sL6w8/JQ==",
      "dev": true,
      "dependencies": {
        "regenerator-runtime": "^0.14.0"
      },
      "engines": {
        "node": ">=6.9.0"
      }
    },
    "node_modules/@google/genai": {
      "version": "2.1.0",
      "resolved": "https://registry.npmjs.org/@google/genai/-/genai-2.1.0.tgz",
      "integrity": "sha512-VqNqKxP2Zcnrxj2A4Vb6A/+iIP9z6K2l4Q3hPsc4r23O2264+vT5463DEXi3nJa2ss3JmYylw+93frhcyk5s/g==",
      "dependencies": {
        "@grpc/grpc-js": "^1.10.0",
        "protobufjs": "^7.3.2"
      },
      "engines": {
        "node": ">=18.0.0"
      },
      "funding": {
        "url": "https://github.com/sponsors/custom-sponsor"
      }
    },
    "node_modules/@grpc/grpc-js": {
      "version": "1.11.0",
      "resolved": "https://registry.npmjs.org/@grpc/grpc-js/-/grpc-js-1.11.0.tgz",
      "integrity": "sha512-m3s247B626MVf4UPVaw+EVC09TqJgztx/L+T3cOiC22j2cT0PmnqxTdQx3TUpfpt5zSfsEyW+6Qv1uAcI7mX2A==",
      "dependencies": {
        "@grpc/proto-loader": "^0.7.10"
      },
      "engines": {
        "node": ">=14.0.0"
      },
      "peerDependencies": {
        "@types/node": ">=18.0.0"
      },
      "peerDependenciesMeta": {
        "@types/node": {
          "optional": true
        }
      }
    },
    "node_modules/@grpc/proto-loader": {
      "version": "0.7.13",
      "resolved": "https://registry.npmjs.org/@grpc/proto-loader/-/proto-loader-0.7.13.tgz",
      "integrity": "sha512-pLwnc7P358iQd33g/8r02Lref0L5p3g42bS+2o1zW7jBSSj3ZJlTj5lZ523a/FUtgXyokR3l78Gz4oVqX/tSog==",
      "dependencies": {
        "@types/google-protobuf": "^3.7.4",
        "google-protobuf": "^3.15.8",
        "lodash.camelcase": "^4.3.0",
        "lodash.clone": "^4.5.0",
        "lodash.isobject": "^3.0.2",
        "lodash.snakecase": "^4.1.1",
        "protobufjs": "^6.10.1",
        "yargs": "^15.3.1"
      },
      "engines": {
        "node": ">=10.0.0"
      }
    },
    "node_modules/@protobufjs/aspromise": {
      "version": "1.1.2",
      "resolved": "https://registry.npmjs.org/@protobufjs/aspromise/-/aspromise-1.1.2.tgz",
      "integrity": "sha512-j+gK23X3d8/RJ4N83TDs3I8DA/s4wvb7tRh2f2x/2jUbrVau5v4i34N53a5e8TPeGFFf2y/2hI3/2sFvSAa42w=="
    },
    "node_modules/@protobufjs/base64": {
      "version": "1.1.2",
      "resolved": "https://registry.npmjs.org/@protobufjs/base64/-/base64-1.1.2.tgz",
      "integrity": "sha512-AZkcAA5vnN/v4EvyjDqYiuUKoOHT3k6NOtZBkMQoqwAjIZTgQ0ZeUhgH8ohw4kC/pImvjRwEMA0QGzA4oasHWw=="
    },
    "node_modules/@protobufjs/codegen": {
      "version": "2.0.4",
      "resolved": "https://registry.npmjs.org/@protobufjs/codegen/-/codegen-2.0.4.tgz",
      "integrity": "sha512-YyFfF3EStIPdWQG3Fs+227aPA+NPVI22Qeckz9W3n+jqIe7nZJ3R22ysoqg52/a50r5sU760f38pRe5p1u2bww=="
    },
    "node_modules/@protobufjs/eventemitter": {
      "version": "1.1.0",
      "resolved": "https://registry.npmjs.org/@protobufjs/eventemitter/-/eventemitter-1.1.0.tgz",
      "integrity": "sha512-Gzs4k3+/7x+c43pc1mXusOC9pT2P9pZE1bQoB/L11KVsIuNCm8gKJ0/1N3H5b/53a339y3SYl1h/rDqgQj/BfQ=="
    },
    "node_modules/@protobufjs/fetch": {
      "version": "1.1.0",
      "resolved": "https://registry.npmjs.org/@protobufjs/fetch/-/fetch-1.1.0.tgz",
      "integrity": "sha512-PyzQyv1eFw55/vGD7s3zY272SHi4a/L/vHoYf/5Tgl7/9E3Ocr+2cOa34yT3a+s3aI2oR2xI6sYp5J4aQ7sCg==",
      "dependencies": {
        "@protobufjs/aspromise": "1.1.2",
        "@protobufjs/inquire": "1.1.0"
      }
    },
    "node_modules/@protobufjs/float": {
      "version": "1.0.2",
      "resolved": "https://registry.npmjs.org/@protobufjs/float/-/float-1.0.2.tgz",
      "integrity": "sha512-sPqj53G7i6q/w4J+bE3iG4055hI3D25Y9DB93MvBsx3sAPxojt7jGk7/wzlg2LSQv2f12w/spprS+2Gg44/GqA=="
    },
    "node_modules/@protobufjs/inquire": {
      "version": "1.1.0",
      "resolved": "https://registry.npmjs.org/@protobufjs/inquire/-/inquire-1.1.0.tgz",
      "integrity": "sha512-y28i1yA2p27iY7r83Y6y4h24k5F8d1n/3nB1xZJPO3bODlkGBq6p91vr6Dh2pY7lndIOA4Qy3D2askd7a2w9A=="
    },
    "node_modules/@protobufjs/path": {
      "version": "1.1.2",
      "resolved": "https://registry.npmjs.org/@protobufjs/path/-/path-1.1.2.tgz",
      "integrity": "sha512-2PHYhKT3ff72EwIe9qjXWOXYL3hPBAfS5pTYdJb43I/vK//9wL6J/fMME/eJ/rXhP3v2rB//2Tq2t9e2VdqA9Q=="
    },
    "node_modules/@protobufjs/pool": {
      "version": "1.1.0",
      "resolved": "https://registry.npmjs.org/@protobufjs/pool/-/pool-1.1.0.tgz",
      "integrity": "sha512-T6m+1zXo332z3eS2y2lX7w18C/EM7wh9Ms2NA2nN7Ie1kpyi2h8oTfC/tS9tZSSTy9r6dJq4v+q/w1L0b3+uTQ=="
    },
    "node_modules/@protobufjs/utf8": {
      "version": "1.1.0",
      "resolved": "https://registry.npmjs.org/@protobufjs/utf8/-/utf8-1.1.0.tgz",
      "integrity": "sha512-pXQletPONYo237T1xN3x/fW3y/dPH3fws3L3hD/6nkyfy2CblL11A8p7fWI/gOIYJ5gOBz+P0w7Gf2L9Qn38QQ=="
    },
    "node_modules/@types/google-protobuf": {
      "version": "3.15.12",
      "resolved": "https://registry.npmjs.org/@types/google-protobuf/-/google-protobuf-3.15.12.tgz",
      "integrity": "sha512-Cvlsv8/MVZ4dlF23wG99yGHDGfCL9A0P5n9v7A43sXp3Yvny5oR0pPsvillMUKlG3wv1QGf4gYv3Rsz64132wA=="
    },
    "node_modules/@types/prop-types": {
      "version": "15.7.12",
      "resolved": "https://registry.npmjs.org/@types/prop-types/-/prop-types-15.7.12.tgz",
      "integrity": "sha512-5zvhXYS3icfNlvmqShFkEBrlBgV2wSgYmmhcr3EliOCgm3Q31GQfs9e5RMAtrrd3t74Ltz/8A+jNi1vY6fImTw==",
      "dev": true
    },
    "node_modules/@types/react": {
      "version": "18.3.3",
      "resolved": "https://registry.npmjs.org/@types/react/-/react-18.3.3.tgz",
      "integrity": "sha512-hti/R0pS0q1/xx+TsI73XIqk26eBsISZ2bvd/17DAZOEIBqxG4vUYOBMC2B2hVwC9iL3re5jint25L0JbSTF0Q==",
      "dev": true,
      "dependencies": {
        "@types/prop-types": "*",
        "csstype": "^3.0.2"
      }
    },
    "node_modules/@types/react-dom": {
      "version": "18.3.0",
      "resolved": "https://registry.npmjs.org/@types/react-dom/-/react-dom-18.3.0.tgz",
      "integrity": "sha512-0lLCIlCRs7L3mz5ol3AJpSd31i2vq35/h22JdOC9EHd9EunmLl3+sVd3e1k613z5aG/p5Ie23YCP44oO1iMg+g==",
      "dev": true,
      "dependencies": {
        "@types/react": "*"
      }
    },
    "node_modules/@vitejs/plugin-react": {
      "version": "4.3.1",
      "resolved": "https://registry.npmjs.org/@vitejs/plugin-react/-/plugin-react-4.3.1.tgz",
      "integrity": "sha512-Y3gT/3Yxp2kPTrJ2u2cAZ6eAr5y0acn60V3sWd1F2fW2aL+5Y2EPXg/X9e/aDwW+K8D/yYhJ5tC/DzpE4F0jw==",
      "dev": true,
      "dependencies": {
        "@babel/runtime": "^7.24.0"
      },
      "engines": {
        "node": ">=18.0.0"
      },
      "peerDependencies": {
        "vite": "^4.2.0 || ^5.0.0"
      }
    },
    "node_modules/ansi-regex": {
      "version": "5.0.1",
      "resolved": "https://registry.npmjs.org/ansi-regex/-/ansi-regex-5.0.1.tgz",
      "integrity": "sha512-quJQXlTSUGL2LH9SUXo8VwsY4soanhgo6LNSm84E1LBcE8s3O0wpdiRzyR9z/QrMmmMaterIghBPkD2G9MztpA==",
      "engines": {
        "node": ">=8"
      }
    },
    "node_modules/camelcase": {
      "version": "5.3.1",
      "resolved": "https://registry.npmjs.org/camelcase/-/camelcase-5.3.1.tgz",
      "integrity": "sha512-L28STB17BCJoWSUgst+S3SJEH42kde5xghgyRWbA2dVPbxEc+SR0XUfOLiA2vGwgLspKj0soXk99DsxATKPM0A==",
      "engines": {
        "node": ">=6"
      }
    },
    "node_modules/cliui": {
      "version": "6.0.0",
      "resolved": "https://registry.npmjs.org/cliui/-/cliui-6.0.0.tgz",
      "integrity": "sha512-t6w6f0R2pa2aBC/2+HLKjCV/nRBH2ZW51z+M9/QYIw8pI2K/z//+E33vI6OMsrsN3bps5U2QvWo12T1Yf4sPGA==",
      "dependencies": {
        "string-width": "^4.2.0",
        "strip-ansi": "^6.0.0",
        "wrap-ansi": "^6.2.0"
      }
    },
    "node_modules/csstype": {
      "version": "3.1.3",
      "resolved": "https://registry.npmjs.org/csstype/-/csstype-3.1.3.tgz",
      "integrity": "sha512-M1uQkMl8rQK/szD0LNhtqxIPLz6QNhS3iQn7QW5s2buRYIzlvVduQ+JrMY5vo/jQ2y8PZkfry0cJYhsgsBu2Nw==",
      "dev": true
    },
    "node_modules/decamelize": {
      "version": "1.2.0",
      "resolved": "https://registry.npmjs.org/decamelize/-/decamelize-1.2.0.tgz",
      "integrity": "sha512-z2S+W9X73hAUUki+iA+94F5lXxYQIOoA9oMgec45ky2d+sMYSwe6vrFcYp+Ng0+4Igo3lIg1rjgcVhBaB3p+rg==",
      "engines": {
        "node": ">=0.10.0"
      }
    },
    "node_modules/emoji-regex": {
      "version": "8.0.0",
      "resolved": "https://registry.npmjs.org/emoji-regex/-/emoji-regex-8.0.0.tgz",
      "integrity": "sha512-MSjYzcWNOA0ewAHpz0M2PSqI6VbDmgkZeHiL1fO6JxxBLQxvr3HbldKa9QSgEc8IHmsJ1j2j2adfinwAAbU5ig=="
    },
    "node_modules/esbuild": {
      "version": "0.23.0",
      "resolved": "https://registry.npmjs.org/esbuild/-/esbuild-0.23.0.tgz",
      "integrity": "sha512-c28bFGr5Tf55InCFc52Lp6P2FN1sI2a0z40/8A7g+dG6oT93uR0gweTQ/sC1p392zTklsWp23f2u9M75Q2EwWw==",
      "dev": true,
      "hasInstallScript": true,
      "bin": {
        "esbuild": "bin/esbuild"
      },
      "engines": {
        "node": ">=12"
      },
      "optionalDependencies": {
        "@esbuild/android-arm": "0.23.0",
        "@esbuild/android-arm64": "0.23.0",
        "@esbuild/android-x64": "0.23.0",
        "@esbuild/darwin-arm64": "0.23.0",
        "@esbuild/darwin-x64": "0.23.0",
        "@esbuild/freebsd-arm64": "0.23.0",
        "@esbuild/freebsd-x64": "0.23.0",
        "@esbuild/linux-arm": "0.23.0",
        "@esbuild/linux-arm64": "0.23.0",
        "@esbuild/linux-ia32": "0.23.0",
        "@esbuild/linux-loong64": "0.23.0",
        "@esbuild/linux-mips64el": "0.23.0",
        "@esbuild/linux-ppc64": "0.23.0",
        "@esbuild/linux-riscv64": "0.23.0",
        "@esbuild/linux-s390x": "0.23.0",
        "@esbuild/linux-x64": "0.23.0",
        "@esbuild/netbsd-x64": "0.23.0",
        "@esbuild/openbsd-x64": "0.23.0",
        "@esbuild/sunos-x64": "0.23.0",
        "@esbuild/win32-arm64": "0.23.0",
        "@esbuild/win32-ia32": "0.23.0",
        "@esbuild/win32-x64": "0.23.0"
      }
    },
    "node_modules/find-up": {
      "version": "4.1.0",
      "resolved": "https://registry.npmjs.org/find-up/-/find-up-4.1.0.tgz",
      "integrity": "sha512-PpOwAdQ/YlXQ2vj8a3h8IipDuYRi3wceVQQGYWxNINccq40Anw7BlsEXCMbt1Zt+OLA6Fq9suIpIWD0OsnISlw==",
      "dependencies": {
        "locate-path": "^5.0.0",
        "path-exists": "^4.0.0"
      },
      "engines": {
        "node": ">=8"
      }
    },
    "node_modules/fsevents": {
      "version": "2.3.3",
      "resolved": "https://registry.npmjs.org/fsevents/-/fsevents-2.3.3.tgz",
      "integrity": "sha512-5rrqBiybiBBUgSSisWx1eH32oRjnNQXAGimJjJzJsUIsGwv7wL1o7gehV3652w7As7pCR5djdyl/9r0V8qzzsA==",
      "dev": true,
      "hasInstallScript": true,
      "optional": true,
      "os": [
        "darwin"
      ],
      "engines": {
        "node": "^8.16.0 || ^10.6.0 || >=11.0.0"
      }
    },
    "node_modules/get-caller-file": {
      "version": "2.0.5",
      "resolved": "https://registry.npmjs.org/get-caller-file/-/get-caller-file-2.0.5.tgz",
      "integrity": "sha512-DyFP3BM/3Ysnvnsutynl+kUAfatEkc5Pz0hhL1sd6aPOpOMo+zEa+SFufs8nIsA0A+U20a0aDGRso9gbhLS18g==",
      "engines": {
        "node": "6.* || 8.* || >= 10.*"
      }
    },
    "node_modules/google-protobuf": {
      "version": "3.21.2",
      "resolved": "https://registry.npmjs.org/google-protobuf/-/google-protobuf-3.21.2.tgz",
      "integrity": "sha512-3MSOYFO5U9m3Iun+hBiDMAscCsF3b2eI/fA3HTRCYgQ/c9bi2o5y0w9/35+v1/e2Q9T7N8gfy6w1qqu7mG+h/g=="
    },
    "node_modules/is-fullwidth-code-point": {
      "version": "3.0.0",
      "resolved": "https://registry.npmjs.org/is-fullwidth-code-point/-/is-fullwidth-code-point-3.0.0.tgz",
      "integrity": "sha512-zymm5+u+sCsSWyD9qNaejV3DFvhCKclKdizYaJUuHA83RLjb7nSuGnddCHGv0hk+KY/8CjOFDbxNfwTzuAHDGA==",
      "engines": {
        "node": ">=8"
      }
    },
    "node_modules/js-tokens": {
      "version": "4.0.0",
      "resolved": "https://registry.npmjs.org/js-tokens/-/js-tokens-4.0.0.tgz",
      "integrity": "sha512-RdJUflcE3cUzKiMqQgsCu06FPu9UdIJO0beYbPhHN4k6apgJtifcoCtT9bcxCr3c8Le3oPOAFzAFcOcu_3GezA=="
    },
    "node_modules/locate-path": {
      "version": "5.0.0",
      "resolved": "https://registry.npmjs.org/locate-path/-/locate-path-5.0.0.tgz",
      "integrity": "sha512-t7hw9pI+WvuwNJXncYfi3quZfLoca4UroGP/2JYokpt nug5mL/i0pFEbnahqyhbOrXfspwgMGrev0a2U7ILsHQ==",
      "dependencies": {
        "p-locate": "^4.1.0"
      },
      "engines": {
        "node": ">=8"
      }
    },
    "node_modules/lodash.camelcase": {
      "version": "4.3.0",
      "resolved": "https://registry.npmjs.org/lodash.camelcase/-/lodash.camelcase-4.3.0.tgz",
      "integrity": "sha512-ZEoY2U7B0xtYmG0ay2GMlbVKw2ir4z4eX1mH1rN8rWh0T5fG73b64WScp2gve7CXOh/3Z9mY3z4/2QnADGrNSA=="
    },
    "node_modules/lodash.clone": {
      "version": "4.5.0",
      "resolved": "https://registry.npmjs.org/lodash.clone/-/lodash.clone-4.5.0.tgz",
      "integrity": "sha512-532i+ubryp13btr8iGkjYj3A02u1Kmu61wYvj1fL36hQGkQ9bF712Kgf9iS69jDDIg1AtbqX48/5DkYpC3i7g=="
    },
    "node_modules/lodash.isobject": {
      "version": "3.0.2",
      "resolved": "https://registry.npmjs.org/lodash.isobject/-/lodash.isobject-3.0.2.tgz",
      "integrity": "sha512-YhBXftStXoO1cQ8b5t7s3AnMyiX3sPMI/iPLsQmxY3gDB3iLd/1mHG3eDn1f/f7G4eUoP3Px/p2Wb3u2i+4gXA=="
    },
    "node_modules/lodash.snakecase": {
      "version": "4.1.1",
      "resolved": "https://registry.npmjs.org/lodash.snakecase/-/lodash.snakecase-4.1.1.tgz",
      "integrity": "sha512-QpNYyBMIn9e+o6fKktREhL6/YyFXN6ssC2o5T45OHr/1csPz7L40Br1T7M6L61naaXb2Lp8g3z1wRPEv3J2SPQ=="
    },
    "node_modules/long": {
      "version": "5.2.3",
      "resolved": "https://registry.npmjs.org/long/-/long-5.2.3.tgz",
      "integrity": "sha512-lcH23soNqCqWOdPR38erDRQXdavQ6ohdw824/SLEe7wSPPPUu8nO6q0iLdG4iQ+1GEK+s/sgr2fK/Qx3QTL2sQ=="
    },
    "node_modules/loose-envify": {
      "version": "1.4.0",
      "resolved": "https://registry.npmjs.org/loose-envify/-/loose-envify-1.4.0.tgz",
      "integrity": "sha512-lyuxPGr/Wfhrlem2CL/UcnUc1zcqKA3a2bYo0DGW6pkE824X54GHoQEecZMa49EA9feHdgNmCuiAxhDBrZ2l/g==",
      "dependencies": {
        "js-tokens": "^3.0.0 || ^4.0.0"
      },
      "bin": {
        "envify": "cli.js"
      }
    },
    "node_modules/nanoid": {
      "version": "3.3.7",
      "resolved": "https://registry.npmjs.org/nanoid/-/nanoid-3.3.7.tgz",
      "integrity": "sha512-eSP3b7S99e8wqlY4X49XklgQk7GH8i6kewokZ0Oa4QkOKs407g3e642yGCsjsf24f48E2FwoXQYy9nlt3xAZGA==",
      "dev": true,
      "bin": {
        "nanoid": "bin/nanoid.js"
      },
      "engines": {
        "node": "^10 || ^12 || ^13.7 || ^14 || >=15.0.1"
      }
    },
    "node_modules/p-limit": {
      "version": "2.3.0",
      "resolved": "https://registry.npmjs.org/p-limit/-/p-limit-2.3.0.tgz",
      "integrity": "sha512-//88mFWSJx8lxCzwdAABTJL2MyWB12+eIY7MDL2SqLmAkeKU9/QDrcLSKjBXXiwY6n4u+MHs8+zBd3D2vooibg==",
      "dependencies": {
        "p-try": "^2.0.0"
      },
      "engines": {
        "node": ">=6"
      }
    },
    "node_modules/p-locate": {
      "version": "4.1.0",
      "resolved": "https://registry.npmjs.org/p-locate/-/p-locate-4.1.0.tgz",
      "integrity": "sha512-R79orclu2nD+y/NSDbeqPMdQybrwN3Fk/giPSnOKayPAGdBaRPUO46zqMG4+qBIscgp/LOOKTV2FF7+CUeM4A==",
      "dependencies": {
        "p-limit": "^2.2.0"
      },
      "engines": {
        "node": ">=8"
      }
    },
    "node_modules/p-try": {
      "version": "2.2.0",
      "resolved": "https://registry.npmjs.org/p-try/-/p-try-2.2.0.tgz",
      "integrity": "sha512-R4nPAVTAU0B9D35/Gk3uJf/7XYbQcyohSKdvAxIRSNghFl4e71hVoGnBNQz9cWaXxO2I10KTC+3jMdvvoDh6AA==",
      "engines": {
        "node": ">=6"
      }
    },
    "node_modules/path-exists": {
      "version": "4.0.0",
      "resolved": "https://registry.npmjs.org/path-exists/-/path-exists-4.0.0.tgz",
      "integrity": "sha512-A2FocTRcy8SSBsoFE2R2Vdq1Oz30vN0R+X+lHcv3Qh1GfCkn43ByLH8hM4iqqrko1kXgsz2cbjM0pWo7zaH1ag==",
      "engines": {
        "node": ">=8"
      }
    },
    "node_modules/picocolors": {
      "version": "1.0.1",
      "resolved": "https://registry.npmjs.org/picocolors/-/picocolors-1.0.1.tgz",
      "integrity": "sha512-2Wfb+2+234klWUNSi+u2O+95waFF3Q1Tz1k31s39ThgG52iAeGm4wg/4Twr2M24l7kQ/Qy/8P5gWwe1e233kfg==",
      "dev": true
    },
    "node_modules/postcss": {
      "version": "8.4.39",
      "resolved": "https://registry.npmjs.org/postcss/-/postcss-8.4.39.tgz",
      "integrity": "sha512-yJk+Bwd0Qkx+7/F3X2LStv3aJv39iIE2J27dDm4r8crr92i7en2a2I2Np2gISu7j56Bq2n2jNXn313ULyRNb4w==",
      "dev": true,
      "dependencies": {
        "nanoid": "^3.3.7",
        "picocolors": "^1.0.0",
        "source-map-js": "^1.2.0"
      },
      "engines": {
        "node": "^12.0 || ^14.0 || >=16.0"
      }
    },
    "node_modules/protobufjs": {
      "version": "7.3.2",
      "resolved": "https://registry.npmjs.org/protobufjs/-/protobufjs-7.3.2.tgz",
      "integrity": "sha512-NPRBYb5cQ+rfb1Xnt6y1E4v62K0L6yV1i61b9eIq+uV4Nsvq08vM8AGymM4mDk+Gv5uZWXw3x4zC93kR0v2b3w==",
      "dependencies": {
        "@protobufjs/aspromise": "1.1.2",
        "@protobufjs/base64": "1.1.2",
        "@protobufjs/codegen": "2.0.4",
        "@protobufjs/eventemitter": "1.1.0",
        "@protobufjs/fetch": "1.1.0",
        "@protobufjs/float": "1.0.2",
        "@protobufjs/inquire": "1.1.0",
        "@protobufjs/path": "1.1.2",
        "@protobufjs/pool": "1.1.0",
        "@protobufjs/utf8": "1.1.0",
        "long": "5.2.3"
      },
      "peerDependencies": {
        "@types/node": "*"
      },
      "peerDependenciesMeta": {
        "@types/node": {
          "optional": true
        }
      }
    },
    "node_modules/react": {
      "version": "18.3.1",
      "resolved": "https://registry.npmjs.org/react/-/react-18.3.1.tgz",
      "integrity": "sha512-wS+hAgJShmbFbM2YlnkP+sN7A6O0zBw3FGAkBOz9o2sCMAxcFQ4sFFtG/DtrkBb2oZpnaoEUXbzvckSImJx+rg==",
      "dependencies": {
        "loose-envify": "^1.1.0"
      },
      "engines": {
        "node": ">=0.10.0"
      }
    },
    "node_modules/react-dom": {
      "version": "18.3.1",
      "resolved": "https://registry.npmjs.org/react-dom/-/react-dom-18.3.1.tgz",
      "integrity": "sha512-5m4nQKp+rZBfU38K7+Q/eB4jwy2smz8eNqW5y7/8KLP2s0rWIn+7hIsO91fsve2XNO0Spcj05xHeGE2pW05y+g==",
      "dependencies": {
        "loose-envify": "^1.1.0",
        "scheduler": "^0.23.2"
      },
      "peerDependencies": {
        "react": "^18.3.1"
      }
    },
    "node_modules/regenerator-runtime": {
      "version": "0.14.1",
      "resolved": "https://registry.npmjs.org/regenerator-runtime/-/regenerator-runtime-0.14.1.tgz",
      "integrity": "sha512-dYnhHh0nJoMfnkZs6GmmhFknAGRrLznOu5nc9ML+EJxGvrx6H7teuevqVqCuPcPK//3eDrrjQhehXVx9cnkGdw==",
      "dev": true
    },
    "node_modules/require-directory": {
      "version": "2.1.1",
      "resolved": "https://registry.npmjs.org/require-directory/-/require-directory-2.1.1.tgz",
      "integrity": "sha512-fapG2oPKCMh8LIt2h4i+vtQ2237vULTs2uNYL127s/n5n7dYkHthwEc3P+2SH3/5/gKlY1t4wIsd5i5ZkR1/wQ==",
      "engines": {
        "node": ">=0.10.0"
      }
    },
    "node_modules/require-main-filename": {
      "version": "2.0.0",
      "resolved": "https://registry.npmjs.org/require-main-filename/-/require-main-filename-2.0.0.tgz",
      "integrity": "sha512-N+hK9ApXnS8/8WPA8KROo7Sg82n3/a+fK7PzYd3W3K3c/A3/k+c4f22dssWeV5teh4OK2o2iGvm2WJb27s2PA==",
      "engines": {
        "node": "6.* || 8.* || >= 10.*"
      }
    },
    "node_modules/rollup": {
      "version": "4.18.1",
      "resolved": "https://registry.npmjs.org/rollup/-/rollup-4.18.1.tgz",
      "integrity": "sha512-+jAw3/3hP1pE2Qy0F1uT7t6xVNWu4L3rYh9qLp/D8QcTqf3Sqwk+pQUdDCAAl3CggA7I6LAg90h2CAe0rIu43g==",
      "dev": true,
      "bin": {
        "rollup": "dist/bin/rollup"
      },
      "engines": {
        "node": ">=18.0.0",
        "npm": ">=8.0.0"
      },
      "optionalDependencies": {
        "@rollup/rollup-android-arm-eabi": "4.18.1",
        "@rollup/rollup-android-arm64": "4.18.1",
        "@rollup/rollup-darwin-arm64": "4.18.1",
        "@rollup/rollup-darwin-x64": "4.18.1",
        "@rollup/rollup-linux-arm-gnueabihf": "4.18.1",
        "@rollup/rollup-linux-arm-musleabihf": "4.18.1",
        "@rollup/rollup-linux-arm64-gnu": "4.18.1",
        "@rollup/rollup-linux-arm64-musl": "4.18.1",
        "@rollup/rollup-linux-x64-gnu": "4.18.1",
        "@rollup/rollup-linux-x64-musl": "4.18.1",
        "@rollup/rollup-win32-arm64-msvc": "4.18.1",
        "@rollup/rollup-win32-ia32-msvc": "4.18.1",
        "@rollup/rollup-win32-x64-msvc": "4.18.1",
        "fsevents": "~2.3.2"
      }
    },
    "node_modules/scheduler": {
      "version": "0.23.2",
      "resolved": "https://registry.npmjs.org/scheduler/-/scheduler-0.23.2.tgz",
      "integrity": "sha512-Ew3UjSh4aN6N69nwrkBFKOPs3WArbZ0TOSi5Q2n38BDx83oYkG9l4R3D5NgveC4gO1/2v3iKNaNaA5Uto39y1w==",
      "dependencies": {
        "loose-envify": "^1.1.0"
      }
    },
    "node_modules/set-blocking": {
      "version": "2.0.0",
      "resolved": "https://registry.npmjs.org/set-blocking/-/set-blocking-2.0.0.tgz",
      "integrity": "sha512-KiKBS8An091yifatQR9BvEnt1iA43t4KSg3wImB8/us/01L6thKchZ4P45ac/gpEhLPAiYw5MI3y1o0u2go/Qg=="
    },
    "node_modules/source-map-js": {
      "version": "1.2.0",
      "resolved": "https://registry.npmjs.org/source-map-js/-/source-map-js-1.2.0.tgz",
      "integrity": "sha512-I6BDEgeZFmvIRcKzhrwXzl6iR3S1f1m8x/I1k5d33eXD+3cUY3br7c62jsb46s4DEb5V05xRURN8r2Zcs126wA==",
      "dev": true,
      "engines": {
        "node": ">=0.10.0"
      }
    },
    "node_modules/string-width": {
      "version": "4.2.3",
      "resolved": "https://registry.npmjs.org/string-width/-/string-width-4.2.3.tgz",
      "integrity": "sha512-wKyQRQpjJ0sIp62ErSZdGsjMJWb+s/wRurC95SA/DY2NyktMMDkEs3e3l0d3pgOK5lY5u1nCSy37SPk17n3hVw==",
      "dependencies": {
        "emoji-regex": "^8.0.0",
        "is-fullwidth-code-point": "^3.0.0",
        "strip-ansi": "^6.0.1"
      },
      "engines": {
        "node": ">=8"
      }
    },
    "node_modules/strip-ansi": {
      "version": "6.0.1",
      "resolved": "https://registry.npmjs.org/strip-ansi/-/strip-ansi-6.0.1.tgz",
      "integrity": "sha512-Y38VPSHcqkFrCpFnQ9vuSXmquuv5oXOKpGeT6aGrr3o3Gc9AlVa6JBfUSOCnbxGG39po8lRYeFdZcggpDTA2VQ==",
      "dependencies": {
        "ansi-regex": "^5.0.1"
      },
      "engines": {
        "node": ">=8"
      }
    },
    "node_modules/typescript": {
      "version": "5.5.3",
      "resolved": "https://registry.npmjs.org/typescript/-/typescript-5.5.3.tgz",
      "integrity": "sha512-DFCGuXDDOT3G0++EHLcUTVlq1282llDYf4i50r0VO4zTRi3i4D81v3Iu+mR+xGkCViIfz3f/1mnqXbWz+K/b+g==",
      "dev": true,
      "bin": {
        "tsc": "bin/tsc",
        "tsserver": "bin/tsserver"
      },
      "engines": {
        "node": ">=14.17"
      }
    },
    "node_modules/vite": {
      "version": "5.3.3",
      "resolved": "https://registry.npmjs.org/vite/-/vite-5.3.3.tgz",
      "integrity": "sha512-9A4JkQyUET31fXzGn3iX4/8v5iFdpJgT3G+y/W1c3/Y++B3nS+z1j6c/gB40nUqgDVFc8f62l2T8o6Kj2XJHQ==",
      "dev": true,
      "dependencies": {
        "esbuild": "^0.23.0",
        "postcss": "^8.4.38",
        "rollup": "^4.18.0"
      },
      "bin": {
        "vite": "bin/vite.js"
      },
      "engines": {
        "node": ">=18.0.0"
      },
      "funding": {
        "url": "https://github.com/sponsors/yyx990803"
      },
      "optionalDependencies": {
        "fsevents": "~2.3.3"
      },
      "peerDependencies": {
        "less": "*",
        "lightningcss": "^1.21.0",
        "sass": "*",
        "stylus": "*",
        "sugarss": "*",
        "terser": "^5.4.0"
      },
      "peerDependenciesMeta": {
        "less": {
          "optional": true
        },
        "lightningcss": {
          "optional": true
        },
        "sass": {
          "optional": true
        },
        "stylus": {
          "optional": true
        },
        "sugarss": {
          "optional": true
        },
        "terser": {
          "optional": true
        }
      }
    },
    "node_modules/wrap-ansi": {
      "version": "6.2.0",
      "resolved": "https://registry.npmjs.org/wrap-ansi/-/wrap-ansi-6.2.0.tgz",
      "integrity": "sha512-r6lPcBGxZXWCe6AUxCFaV2wR/25cmAzmMJvv8D6MkyRd7fsrA3u5alciEA4sES7dZnDAPe2Gac2ghwSQCY6dyg==",
      "dependencies": {
        "ansi-styles": "^4.0.0",
        "string-width": "^4.1.0",
        "strip-ansi": "^6.0.0"
      },
      "engines": {
        "node": ">=8"
      }
    },
    "node_modules/wrap-ansi/node_modules/ansi-styles": {
      "version": "4.3.0",
      "resolved": "https://registry.npmjs.org/ansi-styles/-/ansi-styles-4.3.0.tgz",
      "integrity": "sha512-zbB9rCJAT1rbjiVDb2hqKFHNYLxgtk8NURxZ3IZwD3F6NtxbXZQCnnSi1Lkx+IDohdPlFp222wVALIheZJQSEg==",
      "dependencies": {
        "color-convert": "^2.0.1"
      },
      "engines": {
        "node": ">=8"
      }
    },
    "node_modules/wrap-ansi/node_modules/color-convert": {
      "version": "2.0.1",
      "resolved": "https://registry.npmjs.org/color-convert/-/color-convert-2.0.1.tgz",
      "integrity": "sha512-RRECPsj7iu/xb5oKYcsFHSppFNnsj/52OVTRDb+s5xyo4Su7BVkIDCJoGHlJidaOBwBuKFHrVrgEXtkGlTiming==",
      "dependencies": {
        "color-name": "~1.1.4"
      },
      "engines": {
        "node": ">=7.0.0"
      }
    },
    "node_modules/wrap-ansi/node_modules/color-name": {
      "version": "1.1.4",
      "resolved": "https://registry.npmjs.org/color-name/-/color-name-1.1.4.tgz",
      "integrity": "sha512-dOy+3AuW3a2wNbYHIuUKZqWQCyHPObHIqEI4eHH2NaxKaHe6BkWGjxb4xHFP5NcPiTpXUMC+3MS4ZENmyQgrozA=="
    },
    "node_modules/y18n": {
      "version": "4.0.3",
      "resolved": "https://registry.npmjs.org/y18n/-/y18n-4.0.3.tgz",
      "integrity": "sha512-Y1G11ayO4rYJ34fiJ2gdaAM5G+13ll/n63s/i5peP+3KkL63c/iB2L4w0y1i4784Do5x6i02L/8bKjB2B5tBw=="
    },
    "node_modules/yargs": {
      "version": "15.4.1",
      "resolved": "https://registry.npmjs.org/yargs/-/yargs-15.4.1.tgz",
      "integrity": "sha512-aePbxDYd3Hi3IbaHtIWVgn22YBfBxjPY7pif2kv+skwrk2i2d+eQv0i4kZcczyy2wdYD238Hi2z14cr0jQur7w==",
      "dependencies": {
        "cliui": "^6.0.0",
        "find-up": "^4.1.0",
        "get-caller-file": "^2.0.1",
        "require-directory": "^2.1.1",
        "require-main-filename": "^2.0.0",
        "set-blocking": "^2.0.0",
        "string-width": "^4.2.0",
        "y18n": "^4.0.0",
        "yargs-parser": "^18.1.2"
      },
      "engines": {
        "node": ">=8"
      }
    },
    "node_modules/yargs-parser": {
      "version": "18.1.3",
      "resolved": "https://registry.npmjs.org/yargs-parser/-/yargs-parser-18.1.3.tgz",
      "integrity": "sha512-o50j0Jeiuz8klLCi03XNT22i236TJkh/i2dgHP/ms4CvfJl3L5d13GHp/DuTothvTryb/YVw2hbeTD3Wf6wzbg==",
      "dependencies": {
        "camelcase": "^5.0.0",
        "decamelize": "^1.2.0"
      },
      "engines": {
        "node": ">=8"
      }
    }
  }
}
